
Microsoft Visual Studio Solution File, Format Version 12.00
# Visual Studio Version 17
VisualStudioVersion = 17.5.33414.496
MinimumVisualStudioVersion = 10.0.40219.1
Project("{FAE04EC0-301F-11D3-BF4B-00C04F79EFBC}") = "MoodAnalyzerProblems", "MoodAnalyzerProblems.csproj", "{7B6300A0-6505-4529-B414-D79ACD5C4B69}"
EndProject
Project("{FAE04EC0-301F-11D3-BF4B-00C04F79EFBC}") = "MoodAnalyzerTest", "..\MoodAnalyzerTest\MoodAnalyzerTest.csproj", "{48BA49AC-5D07-46A4-A697-A05B4E1AE400}"
EndProject
Global
	GlobalSection(SolutionConfigurationPlatforms) = preSolution
		Debug|Any CPU = Debug|Any CPU
		Release|Any CPU = Release|Any CPU
	EndGlobalSection
	GlobalSection(ProjectConfigurationPlatforms) = postSolution
		{7B6300A0-6505-4529-B414-D79ACD5C4B69}.Debug|Any CPU.ActiveCfg = Debug|Any CPU
		{7B6300A0-6505-4529-B414-D79ACD5C4B69}.Debug|Any CPU.Build.0 = Debug|Any CPU
		{7B6300A0-6505-4529-B414-D79ACD5C4B69}.Release|Any CPU.ActiveCfg = Release|Any CPU
		{7B6300A0-6505-4529-B414-D79ACD5C4B69}.Release|Any CPU.Build.0 = Release|Any CPU
		{48BA49AC-5D07-46A4-A697-A05B4E1AE400}.Debug|Any CPU.ActiveCfg = Debug|Any CPU
		{48BA49AC-5D07-46A4-A697-A05B4E1AE400}.Debug|Any CPU.Build.0 = Debug|Any CPU
		{48BA49AC-5D07-46A4-A697-A05B4E1AE400}.Release|Any CPU.ActiveCfg = Release|Any CPU
		{48BA49AC-5D07-46A4-A697-A05B4E1AE400}.Release|Any CPU.Build.0 = Release|Any CPU
	EndGlobalSection
	GlobalSection(SolutionProperties) = preSolution
		HideSolutionNode = FALSE
	EndGlobalSection
	GlobalSection(ExtensibilityGlobals) = postSolution
		SolutionGuid = {D6758E8F-1BB2-456D-A04F-42F43A0DB2EF}
	EndGlobalSection
EndGlobal
